
Microsoft Visual Studio Solution File, Format Version 12.00
# Visual Studio Version 16
VisualStudioVersion = 16.0.33529.622
MinimumVisualStudioVersion = 10.0.40219.1
Project("{FAE04EC0-301F-11D3-BF4B-00C04F79EFBC}") = "EesyXCSharp", "EesyXCSharp\EesyXCSharp.csproj", "{3BF14E32-478B-4461-84D2-EB6EB20CF620}"
EndProject
Project("{FAE04EC0-301F-11D3-BF4B-00C04F79EFBC}") = "TestPrograms", "TestPrograms\TestPrograms.csproj", "{66002FF5-A2BB-4B5A-B91F-963AD37CAB61}"
EndProject
Project("{FAE04EC0-301F-11D3-BF4B-00C04F79EFBC}") = "EasyXEngine", "EasyXEngine\EasyXEngine.csproj", "{507D2A00-6F36-4102-B5FC-612B2E8BB56A}"
EndProject
Global
	GlobalSection(SolutionConfigurationPlatforms) = preSolution
		Debug|Any CPU = Debug|Any CPU
		Release|Any CPU = Release|Any CPU
	EndGlobalSection
	GlobalSection(ProjectConfigurationPlatforms) = postSolution
		{3BF14E32-478B-4461-84D2-EB6EB20CF620}.Debug|Any CPU.ActiveCfg = Debug|Any CPU
		{3BF14E32-478B-4461-84D2-EB6EB20CF620}.Debug|Any CPU.Build.0 = Debug|Any CPU
		{3BF14E32-478B-4461-84D2-EB6EB20CF620}.Release|Any CPU.ActiveCfg = Release|Any CPU
		{3BF14E32-478B-4461-84D2-EB6EB20CF620}.Release|Any CPU.Build.0 = Release|Any CPU
		{66002FF5-A2BB-4B5A-B91F-963AD37CAB61}.Debug|Any CPU.ActiveCfg = Debug|Any CPU
		{66002FF5-A2BB-4B5A-B91F-963AD37CAB61}.Debug|Any CPU.Build.0 = Debug|Any CPU
		{66002FF5-A2BB-4B5A-B91F-963AD37CAB61}.Release|Any CPU.ActiveCfg = Release|Any CPU
		{66002FF5-A2BB-4B5A-B91F-963AD37CAB61}.Release|Any CPU.Build.0 = Release|Any CPU
		{507D2A00-6F36-4102-B5FC-612B2E8BB56A}.Debug|Any CPU.ActiveCfg = Debug|Any CPU
		{507D2A00-6F36-4102-B5FC-612B2E8BB56A}.Debug|Any CPU.Build.0 = Debug|Any CPU
		{507D2A00-6F36-4102-B5FC-612B2E8BB56A}.Release|Any CPU.ActiveCfg = Release|Any CPU
		{507D2A00-6F36-4102-B5FC-612B2E8BB56A}.Release|Any CPU.Build.0 = Release|Any CPU
	EndGlobalSection
	GlobalSection(SolutionProperties) = preSolution
		HideSolutionNode = FALSE
	EndGlobalSection
	GlobalSection(ExtensibilityGlobals) = postSolution
		SolutionGuid = {3835AB1A-6DF4-4AE0-89FC-85C1DE69F101}
	EndGlobalSection
EndGlobal
